{
  "name": "csh",
  "version": "1.0.0",
  "lockfileVersion": 1,
  "requires": true,
  "dependencies": {
    "commander": {
      "version": "2.19.0",
      "resolved": "https://registry.npmjs.org/commander/-/commander-2.19.0.tgz",
      "integrity": "sha512-6tvAOO+D6OENvRAh524Dh9jcfKTYDQAqvqezbCW82xj5X0pSrcpxtvRKHLG0yBY6SD7PSDrJaj+0AiOcKVd1Xg=="
    },
    "exec-sh": {
      "version": "0.3.1",
      "resolved": "https://registry.npmjs.org/exec-sh/-/exec-sh-0.3.1.tgz",
      "integrity": "sha512-GP6c1vqiFr68wUer7N7+MwSlGaRSqJxpmHSfMydQR/gMYj3tqYCfYgtC/w4ts38+1bu7rR+FgZTuy9V9crrGmw==",
      "requires": {
        "merge": "^1.2.0"
      }
    },
    "merge": {
      "version": "1.2.0",
      "resolved": "https://registry.npmjs.org/merge/-/merge-1.2.0.tgz",
      "integrity": "sha1-dTHjnUlJwoGma4xabgJl6LBYlNo="
    }
  }
}
